
Microsoft Visual Studio Solution File, Format Version 12.00
# Visual Studio 15
VisualStudioVersion = 15.0.28307.329
MinimumVisualStudioVersion = 10.0.40219.1
Project("{FAE04EC0-301F-11D3-BF4B-00C04F79EFBC}") = "UnrealRESTClient", "UnrealRESTClient\UnrealRESTClient.csproj", "{C10FFB63-F007-4216-9A6E-4EFC802B06EB}"
EndProject
Global
	GlobalSection(SolutionConfigurationPlatforms) = preSolution
		Debug|Any CPU = Debug|Any CPU
		Release|Any CPU = Release|Any CPU
	EndGlobalSection
	GlobalSection(ProjectConfigurationPlatforms) = postSolution
		{C10FFB63-F007-4216-9A6E-4EFC802B06EB}.Debug|Any CPU.ActiveCfg = Debug|Any CPU
		{C10FFB63-F007-4216-9A6E-4EFC802B06EB}.Debug|Any CPU.Build.0 = Debug|Any CPU
		{C10FFB63-F007-4216-9A6E-4EFC802B06EB}.Release|Any CPU.ActiveCfg = Release|Any CPU
		{C10FFB63-F007-4216-9A6E-4EFC802B06EB}.Release|Any CPU.Build.0 = Release|Any CPU
	EndGlobalSection
	GlobalSection(SolutionProperties) = preSolution
		HideSolutionNode = FALSE
	EndGlobalSection
	GlobalSection(ExtensibilityGlobals) = postSolution
		SolutionGuid = {8EF7C646-1EF4-45D0-9050-7F9D484B413E}
	EndGlobalSection
EndGlobal
